
Microsoft Visual Studio Solution File, Format Version 12.00
# Visual Studio Version 16
VisualStudioVersion = 16.0.29001.49
MinimumVisualStudioVersion = 10.0.40219.1
Project("{FAE04EC0-301F-11D3-BF4B-00C04F79EFBC}") = "KnowledgeMiningDeployer", "KnowledgeMiningDeployer\KnowledgeMiningDeployer.csproj", "{555DA22E-12C3-413B-A50E-6439346D795A}"
EndProject
Global
	GlobalSection(SolutionConfigurationPlatforms) = preSolution
		Debug|Any CPU = Debug|Any CPU
		Release|Any CPU = Release|Any CPU
	EndGlobalSection
	GlobalSection(ProjectConfigurationPlatforms) = postSolution
		{555DA22E-12C3-413B-A50E-6439346D795A}.Debug|Any CPU.ActiveCfg = Debug|Any CPU
		{555DA22E-12C3-413B-A50E-6439346D795A}.Debug|Any CPU.Build.0 = Debug|Any CPU
		{555DA22E-12C3-413B-A50E-6439346D795A}.Release|Any CPU.ActiveCfg = Release|Any CPU
		{555DA22E-12C3-413B-A50E-6439346D795A}.Release|Any CPU.Build.0 = Release|Any CPU
	EndGlobalSection
	GlobalSection(SolutionProperties) = preSolution
		HideSolutionNode = FALSE
	EndGlobalSection
	GlobalSection(ExtensibilityGlobals) = postSolution
		SolutionGuid = {0A0143CE-3C28-468F-A62B-3F3F6B1907FB}
	EndGlobalSection
EndGlobal
